
Microsoft Visual Studio Solution File, Format Version 12.00
# Visual Studio Version 17
VisualStudioVersion = 17.7.34031.279
MinimumVisualStudioVersion = 10.0.40219.1
Project("{FAE04EC0-301F-11D3-BF4B-00C04F79EFBC}") = "FigoOS", "FigoOS\FigoOS.csproj", "{6641D75A-90BA-4CBA-82FA-BF20B291CEBE}"
EndProject
Global
	GlobalSection(SolutionConfigurationPlatforms) = preSolution
		Debug|Any CPU = Debug|Any CPU
		Release|Any CPU = Release|Any CPU
	EndGlobalSection
	GlobalSection(ProjectConfigurationPlatforms) = postSolution
		{6641D75A-90BA-4CBA-82FA-BF20B291CEBE}.Debug|Any CPU.ActiveCfg = Debug|Any CPU
		{6641D75A-90BA-4CBA-82FA-BF20B291CEBE}.Debug|Any CPU.Build.0 = Debug|Any CPU
		{6641D75A-90BA-4CBA-82FA-BF20B291CEBE}.Release|Any CPU.ActiveCfg = Release|Any CPU
		{6641D75A-90BA-4CBA-82FA-BF20B291CEBE}.Release|Any CPU.Build.0 = Release|Any CPU
	EndGlobalSection
	GlobalSection(SolutionProperties) = preSolution
		HideSolutionNode = FALSE
	EndGlobalSection
	GlobalSection(ExtensibilityGlobals) = postSolution
		SolutionGuid = {34220F12-1FD3-4AD9-8048-56A5DFF69806}
	EndGlobalSection
EndGlobal
